
Microsoft Visual Studio Solution File, Format Version 12.00
# Visual Studio Version 17
VisualStudioVersion = 17.8.34525.116
MinimumVisualStudioVersion = 10.0.40219.1
Project("{FAE04EC0-301F-11D3-BF4B-00C04F79EFBC}") = "HMTC_Practica21", "HMTC_Practica21\HMTC_Practica21.csproj", "{DF51A146-A434-48BD-815D-589F21320911}"
EndProject
Global
	GlobalSection(SolutionConfigurationPlatforms) = preSolution
		Debug|Any CPU = Debug|Any CPU
		Release|Any CPU = Release|Any CPU
	EndGlobalSection
	GlobalSection(ProjectConfigurationPlatforms) = postSolution
		{DF51A146-A434-48BD-815D-589F21320911}.Debug|Any CPU.ActiveCfg = Debug|Any CPU
		{DF51A146-A434-48BD-815D-589F21320911}.Debug|Any CPU.Build.0 = Debug|Any CPU
		{DF51A146-A434-48BD-815D-589F21320911}.Release|Any CPU.ActiveCfg = Release|Any CPU
		{DF51A146-A434-48BD-815D-589F21320911}.Release|Any CPU.Build.0 = Release|Any CPU
	EndGlobalSection
	GlobalSection(SolutionProperties) = preSolution
		HideSolutionNode = FALSE
	EndGlobalSection
	GlobalSection(ExtensibilityGlobals) = postSolution
		SolutionGuid = {1A229145-3984-4358-9D70-8AECF5A90848}
	EndGlobalSection
EndGlobal
