
Microsoft Visual Studio Solution File, Format Version 12.00
# Visual Studio Version 17
VisualStudioVersion = 17.8.34525.116
MinimumVisualStudioVersion = 10.0.40219.1
Project("{FAE04EC0-301F-11D3-BF4B-00C04F79EFBC}") = "Practica1", "Practica1\Practica1.csproj", "{C50B8DB0-06A5-475C-B6AC-9C35DF0C2125}"
EndProject
Global
	GlobalSection(SolutionConfigurationPlatforms) = preSolution
		Debug|Any CPU = Debug|Any CPU
		Release|Any CPU = Release|Any CPU
	EndGlobalSection
	GlobalSection(ProjectConfigurationPlatforms) = postSolution
		{C50B8DB0-06A5-475C-B6AC-9C35DF0C2125}.Debug|Any CPU.ActiveCfg = Debug|Any CPU
		{C50B8DB0-06A5-475C-B6AC-9C35DF0C2125}.Debug|Any CPU.Build.0 = Debug|Any CPU
		{C50B8DB0-06A5-475C-B6AC-9C35DF0C2125}.Release|Any CPU.ActiveCfg = Release|Any CPU
		{C50B8DB0-06A5-475C-B6AC-9C35DF0C2125}.Release|Any CPU.Build.0 = Release|Any CPU
	EndGlobalSection
	GlobalSection(SolutionProperties) = preSolution
		HideSolutionNode = FALSE
	EndGlobalSection
	GlobalSection(ExtensibilityGlobals) = postSolution
		SolutionGuid = {359668BB-87C5-48B3-807F-94AC5A3F4D33}
	EndGlobalSection
EndGlobal
